
Microsoft Visual Studio Solution File, Format Version 12.00
# Visual Studio Version 17
VisualStudioVersion = 17.1.32319.34
MinimumVisualStudioVersion = 10.0.40219.1
Project("{FAE04EC0-301F-11D3-BF4B-00C04F79EFBC}") = "addressbook_web_tests", "addressbook_web_tests\addressbook_web_tests.csproj", "{F6CDCA0F-7FB5-4815-8B21-F3E416A6189E}"
EndProject
Global
	GlobalSection(SolutionConfigurationPlatforms) = preSolution
		Debug|Any CPU = Debug|Any CPU
		Release|Any CPU = Release|Any CPU
	EndGlobalSection
	GlobalSection(ProjectConfigurationPlatforms) = postSolution
		{F6CDCA0F-7FB5-4815-8B21-F3E416A6189E}.Debug|Any CPU.ActiveCfg = Debug|Any CPU
		{F6CDCA0F-7FB5-4815-8B21-F3E416A6189E}.Debug|Any CPU.Build.0 = Debug|Any CPU
		{F6CDCA0F-7FB5-4815-8B21-F3E416A6189E}.Release|Any CPU.ActiveCfg = Release|Any CPU
		{F6CDCA0F-7FB5-4815-8B21-F3E416A6189E}.Release|Any CPU.Build.0 = Release|Any CPU
	EndGlobalSection
	GlobalSection(SolutionProperties) = preSolution
		HideSolutionNode = FALSE
	EndGlobalSection
	GlobalSection(ExtensibilityGlobals) = postSolution
		SolutionGuid = {7DF5AED8-6B56-47B4-934F-368980B3DB11}
	EndGlobalSection
EndGlobal
