
Microsoft Visual Studio Solution File, Format Version 12.00
# Visual Studio Version 17
VisualStudioVersion = 17.1.32328.378
MinimumVisualStudioVersion = 10.0.40219.1
Project("{FAE04EC0-301F-11D3-BF4B-00C04F79EFBC}") = "addressbook_tests_white", "addressbook_tests_white.csproj", "{D3A1F576-2FE2-49AB-9580-909AE26931CA}"
EndProject
Global
	GlobalSection(SolutionConfigurationPlatforms) = preSolution
		Debug|Any CPU = Debug|Any CPU
		Release|Any CPU = Release|Any CPU
	EndGlobalSection
	GlobalSection(ProjectConfigurationPlatforms) = postSolution
		{D3A1F576-2FE2-49AB-9580-909AE26931CA}.Debug|Any CPU.ActiveCfg = Debug|Any CPU
		{D3A1F576-2FE2-49AB-9580-909AE26931CA}.Debug|Any CPU.Build.0 = Debug|Any CPU
		{D3A1F576-2FE2-49AB-9580-909AE26931CA}.Release|Any CPU.ActiveCfg = Release|Any CPU
		{D3A1F576-2FE2-49AB-9580-909AE26931CA}.Release|Any CPU.Build.0 = Release|Any CPU
	EndGlobalSection
	GlobalSection(SolutionProperties) = preSolution
		HideSolutionNode = FALSE
	EndGlobalSection
	GlobalSection(ExtensibilityGlobals) = postSolution
		SolutionGuid = {384FB3D5-5E3E-44E5-8D08-261426FC39D6}
	EndGlobalSection
EndGlobal
